lockfileVersion: '9.0'

settings:
  autoInstallPeers: true
  excludeLinksFromLockfile: false

importers:

  .:
    dependencies:
      chart.js:
        specifier: ^4.4.6
        version: 4.4.6

packages:

  '@kurkle/color@0.3.2':
    resolution: {integrity: sha512-fuscdXJ9G1qb7W8VdHi+IwRqij3lBkosAm4ydQtEmbY58OzHXqQhvlxqEkoz0yssNVn38bcpRWgA9PP+OGoisw==}

  chart.js@4.4.6:
    resolution: {integrity: sha512-8Y406zevUPbbIBA/HRk33khEmQPk5+cxeflWE/2rx1NJsjVWMPw/9mSP9rxHP5eqi6LNoPBVMfZHxbwLSgldYA==}
    engines: {pnpm: '>=8'}

snapshots:

  '@kurkle/color@0.3.2': {}

  chart.js@4.4.6:
    dependencies:
      '@kurkle/color': 0.3.2
